
Microsoft Visual Studio Solution File, Format Version 12.00
# Visual Studio Version 17
VisualStudioVersion = 17.4.33213.308
MinimumVisualStudioVersion = 10.0.40219.1
Project("{FAE04EC0-301F-11D3-BF4B-00C04F79EFBC}") = "Exchange_API", "Exchange_API\Exchange_API.csproj", "{190570F0-2EC9-4F00-A28B-935A4E727C76}"
EndProject
Global
	GlobalSection(SolutionConfigurationPlatforms) = preSolution
		Debug|Any CPU = Debug|Any CPU
		Release|Any CPU = Release|Any CPU
	EndGlobalSection
	GlobalSection(ProjectConfigurationPlatforms) = postSolution
		{190570F0-2EC9-4F00-A28B-935A4E727C76}.Debug|Any CPU.ActiveCfg = Debug|Any CPU
		{190570F0-2EC9-4F00-A28B-935A4E727C76}.Debug|Any CPU.Build.0 = Debug|Any CPU
		{190570F0-2EC9-4F00-A28B-935A4E727C76}.Release|Any CPU.ActiveCfg = Release|Any CPU
		{190570F0-2EC9-4F00-A28B-935A4E727C76}.Release|Any CPU.Build.0 = Release|Any CPU
	EndGlobalSection
	GlobalSection(SolutionProperties) = preSolution
		HideSolutionNode = FALSE
	EndGlobalSection
	GlobalSection(ExtensibilityGlobals) = postSolution
		SolutionGuid = {FA707A32-6DE1-4F92-B374-0FE327AE5DDC}
	EndGlobalSection
EndGlobal
